
Microsoft Visual Studio Solution File, Format Version 12.00
# Visual Studio Version 17
VisualStudioVersion = 17.3.32901.215
MinimumVisualStudioVersion = 10.0.40219.1
Project("{F184B08F-C81C-45F6-A57F-5ABD9991F28F}") = "GUI", "GUI\GUI.vbproj", "{248F14F3-07CC-4E7E-981C-E5344452F4BE}"
EndProject
Project("{F184B08F-C81C-45F6-A57F-5ABD9991F28F}") = "ChessGlobals", "ChessGlobals\ChessGlobals.vbproj", "{C5CA876B-EE3E-42DE-A45A-C3948289B3B8}"
EndProject
Project("{F184B08F-C81C-45F6-A57F-5ABD9991F28F}") = "ChessMaterials", "ChessMaterials\ChessMaterials.vbproj", "{125547EF-AD43-4039-B2DA-C673EE249202}"
EndProject
Project("{F184B08F-C81C-45F6-A57F-5ABD9991F28F}") = "CPSLibrary", "CPSLibrary\CPSLibrary.vbproj", "{70D2DD08-40DE-4648-BD48-3029CBD8C72D}"
EndProject
Project("{F184B08F-C81C-45F6-A57F-5ABD9991F28F}") = "PGNLibrary", "PGNLibrary\PGNLibrary.vbproj", "{E5A1534F-F344-447C-8245-70E44327C5A0}"
EndProject
Project("{F184B08F-C81C-45F6-A57F-5ABD9991F28F}") = "InnerReflection", "Reflection\InnerReflection.vbproj", "{DFD1D4F2-F902-4B72-9639-FB6A175EF3CC}"
EndProject
Project("{F184B08F-C81C-45F6-A57F-5ABD9991F28F}") = "ChessEngine", "ChessEngine\ChessEngine.vbproj", "{B05245E5-25CE-4502-9DDB-058CF261C4C8}"
EndProject
Project("{54435603-DBB4-11D2-8724-00A0C9A8B90C}") = "Setup", "Setup\Setup.vdproj", "{C05FB740-B6EE-4E18-89BF-3CAFDAFEE3F5}"
EndProject
Project("{F184B08F-C81C-45F6-A57F-5ABD9991F28F}") = "PDFLibrary", "PDFLibrary\PDFLibrary.vbproj", "{41F203DD-778B-433F-8D0A-B1EC21565557}"
EndProject
Project("{2150E333-8FDC-42A3-9474-1A3956D46DE8}") = "Solution Items", "Solution Items", "{33823BE5-64EA-49C0-80A0-92F33D66C4B4}"
	ProjectSection(SolutionItems) = preProject
		ReadMe.txt = ReadMe.txt
		ChessGlobals\ToDoList.txt = ChessGlobals\ToDoList.txt
	EndProjectSection
EndProject
Global
	GlobalSection(SolutionConfigurationPlatforms) = preSolution
		Debug|Any CPU = Debug|Any CPU
		Debug|ARM = Debug|ARM
		Debug|ARM64 = Debug|ARM64
		Debug|x64 = Debug|x64
		Debug|x86 = Debug|x86
		Release|Any CPU = Release|Any CPU
		Release|ARM = Release|ARM
		Release|ARM64 = Release|ARM64
		Release|x64 = Release|x64
		Release|x86 = Release|x86
		Description = Tool for Chess Trainers
	EndGlobalSection
	GlobalSection(ProjectConfigurationPlatforms) = postSolution
		{248F14F3-07CC-4E7E-981C-E5344452F4BE}.Debug|Any CPU.ActiveCfg = Debug|Any CPU
		{248F14F3-07CC-4E7E-981C-E5344452F4BE}.Debug|Any CPU.Build.0 = Debug|Any CPU
		{248F14F3-07CC-4E7E-981C-E5344452F4BE}.Debug|ARM.ActiveCfg = Debug|Any CPU
		{248F14F3-07CC-4E7E-981C-E5344452F4BE}.Debug|ARM.Build.0 = Debug|Any CPU
		{248F14F3-07CC-4E7E-981C-E5344452F4BE}.Debug|ARM64.ActiveCfg = Debug|Any CPU
		{248F14F3-07CC-4E7E-981C-E5344452F4BE}.Debug|ARM64.Build.0 = Debug|Any CPU
		{248F14F3-07CC-4E7E-981C-E5344452F4BE}.Debug|x64.ActiveCfg = Debug|Any CPU
		{248F14F3-07CC-4E7E-981C-E5344452F4BE}.Debug|x64.Build.0 = Debug|Any CPU
		{248F14F3-07CC-4E7E-981C-E5344452F4BE}.Debug|x86.ActiveCfg = Debug|Any CPU
		{248F14F3-07CC-4E7E-981C-E5344452F4BE}.Debug|x86.Build.0 = Debug|Any CPU
		{248F14F3-07CC-4E7E-981C-E5344452F4BE}.Release|Any CPU.ActiveCfg = Release|Any CPU
		{248F14F3-07CC-4E7E-981C-E5344452F4BE}.Release|Any CPU.Build.0 = Release|Any CPU
		{248F14F3-07CC-4E7E-981C-E5344452F4BE}.Release|ARM.ActiveCfg = Release|Any CPU
		{248F14F3-07CC-4E7E-981C-E5344452F4BE}.Release|ARM.Build.0 = Release|Any CPU
		{248F14F3-07CC-4E7E-981C-E5344452F4BE}.Release|ARM64.ActiveCfg = Release|Any CPU
		{248F14F3-07CC-4E7E-981C-E5344452F4BE}.Release|ARM64.Build.0 = Release|Any CPU
		{248F14F3-07CC-4E7E-981C-E5344452F4BE}.Release|x64.ActiveCfg = Release|Any CPU
		{248F14F3-07CC-4E7E-981C-E5344452F4BE}.Release|x64.Build.0 = Release|Any CPU
		{248F14F3-07CC-4E7E-981C-E5344452F4BE}.Release|x86.ActiveCfg = Release|Any CPU
		{248F14F3-07CC-4E7E-981C-E5344452F4BE}.Release|x86.Build.0 = Release|Any CPU
		{C5CA876B-EE3E-42DE-A45A-C3948289B3B8}.Debug|Any CPU.ActiveCfg = Debug|Any CPU
		{C5CA876B-EE3E-42DE-A45A-C3948289B3B8}.Debug|Any CPU.Build.0 = Debug|Any CPU
		{C5CA876B-EE3E-42DE-A45A-C3948289B3B8}.Debug|ARM.ActiveCfg = Debug|Any CPU
		{C5CA876B-EE3E-42DE-A45A-C3948289B3B8}.Debug|ARM.Build.0 = Debug|Any CPU
		{C5CA876B-EE3E-42DE-A45A-C3948289B3B8}.Debug|ARM64.ActiveCfg = Debug|Any CPU
		{C5CA876B-EE3E-42DE-A45A-C3948289B3B8}.Debug|ARM64.Build.0 = Debug|Any CPU
		{C5CA876B-EE3E-42DE-A45A-C3948289B3B8}.Debug|x64.ActiveCfg = Debug|Any CPU
		{C5CA876B-EE3E-42DE-A45A-C3948289B3B8}.Debug|x64.Build.0 = Debug|Any CPU
		{C5CA876B-EE3E-42DE-A45A-C3948289B3B8}.Debug|x86.ActiveCfg = Debug|Any CPU
		{C5CA876B-EE3E-42DE-A45A-C3948289B3B8}.Debug|x86.Build.0 = Debug|Any CPU
		{C5CA876B-EE3E-42DE-A45A-C3948289B3B8}.Release|Any CPU.ActiveCfg = Release|Any CPU
		{C5CA876B-EE3E-42DE-A45A-C3948289B3B8}.Release|Any CPU.Build.0 = Release|Any CPU
		{C5CA876B-EE3E-42DE-A45A-C3948289B3B8}.Release|ARM.ActiveCfg = Release|Any CPU
		{C5CA876B-EE3E-42DE-A45A-C3948289B3B8}.Release|ARM.Build.0 = Release|Any CPU
		{C5CA876B-EE3E-42DE-A45A-C3948289B3B8}.Release|ARM64.ActiveCfg = Release|Any CPU
		{C5CA876B-EE3E-42DE-A45A-C3948289B3B8}.Release|ARM64.Build.0 = Release|Any CPU
		{C5CA876B-EE3E-42DE-A45A-C3948289B3B8}.Release|x64.ActiveCfg = Release|Any CPU
		{C5CA876B-EE3E-42DE-A45A-C3948289B3B8}.Release|x64.Build.0 = Release|Any CPU
		{C5CA876B-EE3E-42DE-A45A-C3948289B3B8}.Release|x86.ActiveCfg = Release|Any CPU
		{C5CA876B-EE3E-42DE-A45A-C3948289B3B8}.Release|x86.Build.0 = Release|Any CPU
		{125547EF-AD43-4039-B2DA-C673EE249202}.Debug|Any CPU.ActiveCfg = Debug|Any CPU
		{125547EF-AD43-4039-B2DA-C673EE249202}.Debug|Any CPU.Build.0 = Debug|Any CPU
		{125547EF-AD43-4039-B2DA-C673EE249202}.Debug|ARM.ActiveCfg = Debug|Any CPU
		{125547EF-AD43-4039-B2DA-C673EE249202}.Debug|ARM.Build.0 = Debug|Any CPU
		{125547EF-AD43-4039-B2DA-C673EE249202}.Debug|ARM64.ActiveCfg = Debug|Any CPU
		{125547EF-AD43-4039-B2DA-C673EE249202}.Debug|ARM64.Build.0 = Debug|Any CPU
		{125547EF-AD43-4039-B2DA-C673EE249202}.Debug|x64.ActiveCfg = Debug|Any CPU
		{125547EF-AD43-4039-B2DA-C673EE249202}.Debug|x64.Build.0 = Debug|Any CPU
		{125547EF-AD43-4039-B2DA-C673EE249202}.Debug|x86.ActiveCfg = Debug|Any CPU
		{125547EF-AD43-4039-B2DA-C673EE249202}.Debug|x86.Build.0 = Debug|Any CPU
		{125547EF-AD43-4039-B2DA-C673EE249202}.Release|Any CPU.ActiveCfg = Release|Any CPU
		{125547EF-AD43-4039-B2DA-C673EE249202}.Release|Any CPU.Build.0 = Release|Any CPU
		{125547EF-AD43-4039-B2DA-C673EE249202}.Release|ARM.ActiveCfg = Release|Any CPU
		{125547EF-AD43-4039-B2DA-C673EE249202}.Release|ARM.Build.0 = Release|Any CPU
		{125547EF-AD43-4039-B2DA-C673EE249202}.Release|ARM64.ActiveCfg = Release|Any CPU
		{125547EF-AD43-4039-B2DA-C673EE249202}.Release|ARM64.Build.0 = Release|Any CPU
		{125547EF-AD43-4039-B2DA-C673EE249202}.Release|x64.ActiveCfg = Release|Any CPU
		{125547EF-AD43-4039-B2DA-C673EE249202}.Release|x64.Build.0 = Release|Any CPU
		{125547EF-AD43-4039-B2DA-C673EE249202}.Release|x86.ActiveCfg = Release|Any CPU
		{125547EF-AD43-4039-B2DA-C673EE249202}.Release|x86.Build.0 = Release|Any CPU
		{70D2DD08-40DE-4648-BD48-3029CBD8C72D}.Debug|Any CPU.ActiveCfg = Debug|Any CPU
		{70D2DD08-40DE-4648-BD48-3029CBD8C72D}.Debug|Any CPU.Build.0 = Debug|Any CPU
		{70D2DD08-40DE-4648-BD48-3029CBD8C72D}.Debug|ARM.ActiveCfg = Debug|Any CPU
		{70D2DD08-40DE-4648-BD48-3029CBD8C72D}.Debug|ARM.Build.0 = Debug|Any CPU
		{70D2DD08-40DE-4648-BD48-3029CBD8C72D}.Debug|ARM64.ActiveCfg = Debug|Any CPU
		{70D2DD08-40DE-4648-BD48-3029CBD8C72D}.Debug|ARM64.Build.0 = Debug|Any CPU
		{70D2DD08-40DE-4648-BD48-3029CBD8C72D}.Debug|x64.ActiveCfg = Debug|Any CPU
		{70D2DD08-40DE-4648-BD48-3029CBD8C72D}.Debug|x64.Build.0 = Debug|Any CPU
		{70D2DD08-40DE-4648-BD48-3029CBD8C72D}.Debug|x86.ActiveCfg = Debug|Any CPU
		{70D2DD08-40DE-4648-BD48-3029CBD8C72D}.Debug|x86.Build.0 = Debug|Any CPU
		{70D2DD08-40DE-4648-BD48-3029CBD8C72D}.Release|Any CPU.ActiveCfg = Release|Any CPU
		{70D2DD08-40DE-4648-BD48-3029CBD8C72D}.Release|Any CPU.Build.0 = Release|Any CPU
		{70D2DD08-40DE-4648-BD48-3029CBD8C72D}.Release|ARM.ActiveCfg = Release|Any CPU
		{70D2DD08-40DE-4648-BD48-3029CBD8C72D}.Release|ARM.Build.0 = Release|Any CPU
		{70D2DD08-40DE-4648-BD48-3029CBD8C72D}.Release|ARM64.ActiveCfg = Release|Any CPU
		{70D2DD08-40DE-4648-BD48-3029CBD8C72D}.Release|ARM64.Build.0 = Release|Any CPU
		{70D2DD08-40DE-4648-BD48-3029CBD8C72D}.Release|x64.ActiveCfg = Release|Any CPU
		{70D2DD08-40DE-4648-BD48-3029CBD8C72D}.Release|x64.Build.0 = Release|Any CPU
		{70D2DD08-40DE-4648-BD48-3029CBD8C72D}.Release|x86.ActiveCfg = Release|Any CPU
		{70D2DD08-40DE-4648-BD48-3029CBD8C72D}.Release|x86.Build.0 = Release|Any CPU
		{E5A1534F-F344-447C-8245-70E44327C5A0}.Debug|Any CPU.ActiveCfg = Debug|Any CPU
		{E5A1534F-F344-447C-8245-70E44327C5A0}.Debug|Any CPU.Build.0 = Debug|Any CPU
		{E5A1534F-F344-447C-8245-70E44327C5A0}.Debug|ARM.ActiveCfg = Debug|Any CPU
		{E5A1534F-F344-447C-8245-70E44327C5A0}.Debug|ARM.Build.0 = Debug|Any CPU
		{E5A1534F-F344-447C-8245-70E44327C5A0}.Debug|ARM64.ActiveCfg = Debug|Any CPU
		{E5A1534F-F344-447C-8245-70E44327C5A0}.Debug|ARM64.Build.0 = Debug|Any CPU
		{E5A1534F-F344-447C-8245-70E44327C5A0}.Debug|x64.ActiveCfg = Debug|Any CPU
		{E5A1534F-F344-447C-8245-70E44327C5A0}.Debug|x64.Build.0 = Debug|Any CPU
		{E5A1534F-F344-447C-8245-70E44327C5A0}.Debug|x86.ActiveCfg = Debug|Any CPU
		{E5A1534F-F344-447C-8245-70E44327C5A0}.Debug|x86.Build.0 = Debug|Any CPU
		{E5A1534F-F344-447C-8245-70E44327C5A0}.Release|Any CPU.ActiveCfg = Release|Any CPU
		{E5A1534F-F344-447C-8245-70E44327C5A0}.Release|Any CPU.Build.0 = Release|Any CPU
		{E5A1534F-F344-447C-8245-70E44327C5A0}.Release|ARM.ActiveCfg = Release|Any CPU
		{E5A1534F-F344-447C-8245-70E44327C5A0}.Release|ARM.Build.0 = Release|Any CPU
		{E5A1534F-F344-447C-8245-70E44327C5A0}.Release|ARM64.ActiveCfg = Release|Any CPU
		{E5A1534F-F344-447C-8245-70E44327C5A0}.Release|ARM64.Build.0 = Release|Any CPU
		{E5A1534F-F344-447C-8245-70E44327C5A0}.Release|x64.ActiveCfg = Release|Any CPU
		{E5A1534F-F344-447C-8245-70E44327C5A0}.Release|x64.Build.0 = Release|Any CPU
		{E5A1534F-F344-447C-8245-70E44327C5A0}.Release|x86.ActiveCfg = Release|Any CPU
		{E5A1534F-F344-447C-8245-70E44327C5A0}.Release|x86.Build.0 = Release|Any CPU
		{DFD1D4F2-F902-4B72-9639-FB6A175EF3CC}.Debug|Any CPU.ActiveCfg = Debug|Any CPU
		{DFD1D4F2-F902-4B72-9639-FB6A175EF3CC}.Debug|ARM.ActiveCfg = Debug|Any CPU
		{DFD1D4F2-F902-4B72-9639-FB6A175EF3CC}.Debug|ARM.Build.0 = Debug|Any CPU
		{DFD1D4F2-F902-4B72-9639-FB6A175EF3CC}.Debug|ARM64.ActiveCfg = Debug|Any CPU
		{DFD1D4F2-F902-4B72-9639-FB6A175EF3CC}.Debug|ARM64.Build.0 = Debug|Any CPU
		{DFD1D4F2-F902-4B72-9639-FB6A175EF3CC}.Debug|x64.ActiveCfg = Debug|Any CPU
		{DFD1D4F2-F902-4B72-9639-FB6A175EF3CC}.Debug|x64.Build.0 = Debug|Any CPU
		{DFD1D4F2-F902-4B72-9639-FB6A175EF3CC}.Debug|x86.ActiveCfg = Debug|Any CPU
		{DFD1D4F2-F902-4B72-9639-FB6A175EF3CC}.Debug|x86.Build.0 = Debug|Any CPU
		{DFD1D4F2-F902-4B72-9639-FB6A175EF3CC}.Release|Any CPU.ActiveCfg = Release|Any CPU
		{DFD1D4F2-F902-4B72-9639-FB6A175EF3CC}.Release|Any CPU.Build.0 = Release|Any CPU
		{DFD1D4F2-F902-4B72-9639-FB6A175EF3CC}.Release|ARM.ActiveCfg = Release|Any CPU
		{DFD1D4F2-F902-4B72-9639-FB6A175EF3CC}.Release|ARM.Build.0 = Release|Any CPU
		{DFD1D4F2-F902-4B72-9639-FB6A175EF3CC}.Release|ARM64.ActiveCfg = Release|Any CPU
		{DFD1D4F2-F902-4B72-9639-FB6A175EF3CC}.Release|ARM64.Build.0 = Release|Any CPU
		{DFD1D4F2-F902-4B72-9639-FB6A175EF3CC}.Release|x64.ActiveCfg = Release|Any CPU
		{DFD1D4F2-F902-4B72-9639-FB6A175EF3CC}.Release|x64.Build.0 = Release|Any CPU
		{DFD1D4F2-F902-4B72-9639-FB6A175EF3CC}.Release|x86.ActiveCfg = Release|Any CPU
		{DFD1D4F2-F902-4B72-9639-FB6A175EF3CC}.Release|x86.Build.0 = Release|Any CPU
		{B05245E5-25CE-4502-9DDB-058CF261C4C8}.Debug|Any CPU.ActiveCfg = Debug|Any CPU
		{B05245E5-25CE-4502-9DDB-058CF261C4C8}.Debug|Any CPU.Build.0 = Debug|Any CPU
		{B05245E5-25CE-4502-9DDB-058CF261C4C8}.Debug|ARM.ActiveCfg = Debug|Any CPU
		{B05245E5-25CE-4502-9DDB-058CF261C4C8}.Debug|ARM.Build.0 = Debug|Any CPU
		{B05245E5-25CE-4502-9DDB-058CF261C4C8}.Debug|ARM64.ActiveCfg = Debug|Any CPU
		{B05245E5-25CE-4502-9DDB-058CF261C4C8}.Debug|ARM64.Build.0 = Debug|Any CPU
		{B05245E5-25CE-4502-9DDB-058CF261C4C8}.Debug|x64.ActiveCfg = Debug|Any CPU
		{B05245E5-25CE-4502-9DDB-058CF261C4C8}.Debug|x64.Build.0 = Debug|Any CPU
		{B05245E5-25CE-4502-9DDB-058CF261C4C8}.Debug|x86.ActiveCfg = Debug|Any CPU
		{B05245E5-25CE-4502-9DDB-058CF261C4C8}.Debug|x86.Build.0 = Debug|Any CPU
		{B05245E5-25CE-4502-9DDB-058CF261C4C8}.Release|Any CPU.ActiveCfg = Release|Any CPU
		{B05245E5-25CE-4502-9DDB-058CF261C4C8}.Release|Any CPU.Build.0 = Release|Any CPU
		{B05245E5-25CE-4502-9DDB-058CF261C4C8}.Release|ARM.ActiveCfg = Release|Any CPU
		{B05245E5-25CE-4502-9DDB-058CF261C4C8}.Release|ARM.Build.0 = Release|Any CPU
		{B05245E5-25CE-4502-9DDB-058CF261C4C8}.Release|ARM64.ActiveCfg = Release|Any CPU
		{B05245E5-25CE-4502-9DDB-058CF261C4C8}.Release|ARM64.Build.0 = Release|Any CPU
		{B05245E5-25CE-4502-9DDB-058CF261C4C8}.Release|x64.ActiveCfg = Release|Any CPU
		{B05245E5-25CE-4502-9DDB-058CF261C4C8}.Release|x64.Build.0 = Release|Any CPU
		{B05245E5-25CE-4502-9DDB-058CF261C4C8}.Release|x86.ActiveCfg = Release|Any CPU
		{B05245E5-25CE-4502-9DDB-058CF261C4C8}.Release|x86.Build.0 = Release|Any CPU
		{C05FB740-B6EE-4E18-89BF-3CAFDAFEE3F5}.Debug|Any CPU.ActiveCfg = Debug
		{C05FB740-B6EE-4E18-89BF-3CAFDAFEE3F5}.Debug|ARM.ActiveCfg = Debug
		{C05FB740-B6EE-4E18-89BF-3CAFDAFEE3F5}.Debug|ARM64.ActiveCfg = Debug
		{C05FB740-B6EE-4E18-89BF-3CAFDAFEE3F5}.Debug|x64.ActiveCfg = Debug
		{C05FB740-B6EE-4E18-89BF-3CAFDAFEE3F5}.Debug|x86.ActiveCfg = Debug
		{C05FB740-B6EE-4E18-89BF-3CAFDAFEE3F5}.Release|Any CPU.ActiveCfg = Release
		{C05FB740-B6EE-4E18-89BF-3CAFDAFEE3F5}.Release|ARM.ActiveCfg = Release
		{C05FB740-B6EE-4E18-89BF-3CAFDAFEE3F5}.Release|ARM64.ActiveCfg = Release
		{C05FB740-B6EE-4E18-89BF-3CAFDAFEE3F5}.Release|x64.ActiveCfg = Release
		{C05FB740-B6EE-4E18-89BF-3CAFDAFEE3F5}.Release|x86.ActiveCfg = Release
		{41F203DD-778B-433F-8D0A-B1EC21565557}.Debug|Any CPU.ActiveCfg = Debug|Any CPU
		{41F203DD-778B-433F-8D0A-B1EC21565557}.Debug|Any CPU.Build.0 = Debug|Any CPU
		{41F203DD-778B-433F-8D0A-B1EC21565557}.Debug|ARM.ActiveCfg = Debug|Any CPU
		{41F203DD-778B-433F-8D0A-B1EC21565557}.Debug|ARM.Build.0 = Debug|Any CPU
		{41F203DD-778B-433F-8D0A-B1EC21565557}.Debug|ARM64.ActiveCfg = Debug|Any CPU
		{41F203DD-778B-433F-8D0A-B1EC21565557}.Debug|ARM64.Build.0 = Debug|Any CPU
		{41F203DD-778B-433F-8D0A-B1EC21565557}.Debug|x64.ActiveCfg = Debug|Any CPU
		{41F203DD-778B-433F-8D0A-B1EC21565557}.Debug|x64.Build.0 = Debug|Any CPU
		{41F203DD-778B-433F-8D0A-B1EC21565557}.Debug|x86.ActiveCfg = Debug|Any CPU
		{41F203DD-778B-433F-8D0A-B1EC21565557}.Debug|x86.Build.0 = Debug|Any CPU
		{41F203DD-778B-433F-8D0A-B1EC21565557}.Release|Any CPU.ActiveCfg = Release|Any CPU
		{41F203DD-778B-433F-8D0A-B1EC21565557}.Release|Any CPU.Build.0 = Release|Any CPU
		{41F203DD-778B-433F-8D0A-B1EC21565557}.Release|ARM.ActiveCfg = Release|Any CPU
		{41F203DD-778B-433F-8D0A-B1EC21565557}.Release|ARM.Build.0 = Release|Any CPU
		{41F203DD-778B-433F-8D0A-B1EC21565557}.Release|ARM64.ActiveCfg = Release|Any CPU
		{41F203DD-778B-433F-8D0A-B1EC21565557}.Release|ARM64.Build.0 = Release|Any CPU
		{41F203DD-778B-433F-8D0A-B1EC21565557}.Release|x64.ActiveCfg = Release|Any CPU
		{41F203DD-778B-433F-8D0A-B1EC21565557}.Release|x64.Build.0 = Release|Any CPU
		{41F203DD-778B-433F-8D0A-B1EC21565557}.Release|x86.ActiveCfg = Release|Any CPU
		{41F203DD-778B-433F-8D0A-B1EC21565557}.Release|x86.Build.0 = Release|Any CPU
	EndGlobalSection
	GlobalSection(SolutionProperties) = preSolution
		HideSolutionNode = FALSE
	EndGlobalSection
	GlobalSection(ExtensibilityGlobals) = postSolution
		SolutionGuid = {9B14A632-F54C-48C9-8F04-3243328D10BC}
	EndGlobalSection
EndGlobal
